// !$*UTF8*$!
{
	archiveVersion = 1;
	classes = {
	};
	objectVersion = 54;
	objects = {

/* Begin PBXBuildFile section */
		153A7D092B5842AB001334F8 /* CSDocumentoscopyBridget.swift in Sources */ = {isa = PBXBuildFile; fileRef = 153A7D082B5842AB001334F8 /* CSDocumentoscopyBridget.swift */; };
		15B8BBF62B5715D600F04371 /* AppDelegate.m in Sources */ = {isa = PBXBuildFile; fileRef = 15B8BBF52B5715D600F04371 /* AppDelegate.m */; };
		15B8BBF92B5715D600F04371 /* SceneDelegate.m in Sources */ = {isa = PBXBuildFile; fileRef = 15B8BBF82B5715D600F04371 /* SceneDelegate.m */; };
		15B8BBFC2B5715D600F04371 /* ViewController.m in Sources */ = {isa = PBXBuildFile; fileRef = 15B8BBFB2B5715D600F04371 /* ViewController.m */; };
		15B8BBFF2B5715D600F04371 /* Main.storyboard in Resources */ = {isa = PBXBuildFile; fileRef = 15B8BBFD2B5715D600F04371 /* Main.storyboard */; };
		15B8BC012B5715D700F04371 /* Assets.xcassets in Resources */ = {isa = PBXBuildFile; fileRef = 15B8BC002B5715D700F04371 /* Assets.xcassets */; };
		15B8BC042B5715D700F04371 /* LaunchScreen.storyboard in Resources */ = {isa = PBXBuildFile; fileRef = 15B8BC022B5715D700F04371 /* LaunchScreen.storyboard */; };
		15B8BC072B5715D700F04371 /* main.m in Sources */ = {isa = PBXBuildFile; fileRef = 15B8BC062B5715D700F04371 /* main.m */; };
		15B8BC112B5812FB00F04371 /* Pods_DocumentoscopySampleiOSObjcC.framework in Frameworks */ = {isa = PBXBuildFile; fileRef = 7D0D7B8A2784492880725EEE /* Pods_DocumentoscopySampleiOSObjcC.framework */; };
		15B8BC122B5812FB00F04371 /* Pods_DocumentoscopySampleiOSObjcC.framework in Embed Frameworks */ = {isa = PBXBuildFile; fileRef = 7D0D7B8A2784492880725EEE /* Pods_DocumentoscopySampleiOSObjcC.framework */; settings = {ATTRIBUTES = (CodeSignOnCopy, RemoveHeadersOnCopy, ); }; };
/* End PBXBuildFile section */

/* Begin PBXCopyFilesBuildPhase section */
		15B8BC102B5800B400F04371 /* Embed Frameworks */ = {
			isa = PBXCopyFilesBuildPhase;
			buildActionMask = 2147483647;
			dstPath = "";
			dstSubfolderSpec = 10;
			files = (
				15B8BC122B5812FB00F04371 /* Pods_DocumentoscopySampleiOSObjcC.framework in Embed Frameworks */,
			);
			name = "Embed Frameworks";
			runOnlyForDeploymentPostprocessing = 0;
		};
/* End PBXCopyFilesBuildPhase section */

/* Begin PBXFileReference section */
		153A7D072B5842AB001334F8 /* DocumentoscopySampleiOSObjcC-Bridging-Header.h */ = {isa = PBXFileReference; lastKnownFileType = sourcecode.c.h; path = "DocumentoscopySampleiOSObjcC-Bridging-Header.h"; sourceTree = "<group>"; };
		153A7D082B5842AB001334F8 /* CSDocumentoscopyBridget.swift */ = {isa = PBXFileReference; lastKnownFileType = sourcecode.swift; path = CSDocumentoscopyBridget.swift; sourceTree = "<group>"; };
		15B8BBF12B5715D600F04371 /* DocumentoscopySampleiOSObjcC.app */ = {isa = PBXFileReference; explicitFileType = wrapper.application; includeInIndex = 0; path = DocumentoscopySampleiOSObjcC.app; sourceTree = BUILT_PRODUCTS_DIR; };
		15B8BBF42B5715D600F04371 /* AppDelegate.h */ = {isa = PBXFileReference; lastKnownFileType = sourcecode.c.h; path = AppDelegate.h; sourceTree = "<group>"; };
		15B8BBF52B5715D600F04371 /* AppDelegate.m */ = {isa = PBXFileReference; lastKnownFileType = sourcecode.c.objc; path = AppDelegate.m; sourceTree = "<group>"; };
		15B8BBF72B5715D600F04371 /* SceneDelegate.h */ = {isa = PBXFileReference; lastKnownFileType = sourcecode.c.h; path = SceneDelegate.h; sourceTree = "<group>"; };
		15B8BBF82B5715D600F04371 /* SceneDelegate.m */ = {isa = PBXFileReference; lastKnownFileType = sourcecode.c.objc; path = SceneDelegate.m; sourceTree = "<group>"; };
		15B8BBFA2B5715D600F04371 /* ViewController.h */ = {isa = PBXFileReference; lastKnownFileType = sourcecode.c.h; path = ViewController.h; sourceTree = "<group>"; };
		15B8BBFB2B5715D600F04371 /* ViewController.m */ = {isa = PBXFileReference; lastKnownFileType = sourcecode.c.objc; path = ViewController.m; sourceTree = "<group>"; };
		15B8BBFE2B5715D600F04371 /* Base */ = {isa = PBXFileReference; lastKnownFileType = file.storyboard; name = Base; path = Base.lproj/Main.storyboard; sourceTree = "<group>"; };
		15B8BC002B5715D700F04371 /* Assets.xcassets */ = {isa = PBXFileReference; lastKnownFileType = folder.assetcatalog; path = Assets.xcassets; sourceTree = "<group>"; };
		15B8BC032B5715D700F04371 /* Base */ = {isa = PBXFileReference; lastKnownFileType = file.storyboard; name = Base; path = Base.lproj/LaunchScreen.storyboard; sourceTree = "<group>"; };
		15B8BC052B5715D700F04371 /* Info.plist */ = {isa = PBXFileReference; lastKnownFileType = text.plist.xml; path = Info.plist; sourceTree = "<group>"; };
		15B8BC062B5715D700F04371 /* main.m */ = {isa = PBXFileReference; lastKnownFileType = sourcecode.c.objc; path = main.m; sourceTree = "<group>"; };
		15B8BC0D2B5800B400F04371 /* CSDocumentoscopySDK.framework */ = {isa = PBXFileReference; explicitFileType = wrapper.framework; path = CSDocumentoscopySDK.framework; sourceTree = BUILT_PRODUCTS_DIR; };
		7D0D7B8A2784492880725EEE /* Pods_DocumentoscopySampleiOSObjcC.framework */ = {isa = PBXFileReference; explicitFileType = wrapper.framework; includeInIndex = 0; path = Pods_DocumentoscopySampleiOSObjcC.framework; sourceTree = BUILT_PRODUCTS_DIR; };
		8DA87C0D15DA8AE90749D4DA /* Pods-DocumentoscopySampleiOSObjcC.debug.xcconfig */ = {isa = PBXFileReference; includeInIndex = 1; lastKnownFileType = text.xcconfig; name = "Pods-DocumentoscopySampleiOSObjcC.debug.xcconfig"; path = "Target Support Files/Pods-DocumentoscopySampleiOSObjcC/Pods-DocumentoscopySampleiOSObjcC.debug.xcconfig"; sourceTree = "<group>"; };
		E2B9CEDFF6573EED4E84A239 /* Pods-DocumentoscopySampleiOSObjcC.release.xcconfig */ = {isa = PBXFileReference; includeInIndex = 1; lastKnownFileType = text.xcconfig; name = "Pods-DocumentoscopySampleiOSObjcC.release.xcconfig"; path = "Target Support Files/Pods-DocumentoscopySampleiOSObjcC/Pods-DocumentoscopySampleiOSObjcC.release.xcconfig"; sourceTree = "<group>"; };
/* End PBXFileReference section */

/* Begin PBXFrameworksBuildPhase section */
		15B8BBEE2B5715D600F04371 /* Frameworks */ = {
			isa = PBXFrameworksBuildPhase;
			buildActionMask = 2147483647;
			files = (
				15B8BC112B5812FB00F04371 /* Pods_DocumentoscopySampleiOSObjcC.framework in Frameworks */,
			);
			runOnlyForDeploymentPostprocessing = 0;
		};
/* End PBXFrameworksBuildPhase section */

/* Begin PBXGroup section */
		15B8BBE82B5715D600F04371 = {
			isa = PBXGroup;
			children = (
				15B8BBF32B5715D600F04371 /* DocumentoscopySampleiOSObjcC */,
				15B8BBF22B5715D600F04371 /* Products */,
				928E74F4361455322AD82F36 /* Pods */,
				F0B5238DBAAD466254500D9D /* Frameworks */,
			);
			sourceTree = "<group>";
		};
		15B8BBF22B5715D600F04371 /* Products */ = {
			isa = PBXGroup;
			children = (
				15B8BBF12B5715D600F04371 /* DocumentoscopySampleiOSObjcC.app */,
			);
			name = Products;
			sourceTree = "<group>";
		};
		15B8BBF32B5715D600F04371 /* DocumentoscopySampleiOSObjcC */ = {
			isa = PBXGroup;
			children = (
				15B8BBF42B5715D600F04371 /* AppDelegate.h */,
				15B8BBF52B5715D600F04371 /* AppDelegate.m */,
				15B8BBF72B5715D600F04371 /* SceneDelegate.h */,
				15B8BBF82B5715D600F04371 /* SceneDelegate.m */,
				15B8BBFA2B5715D600F04371 /* ViewController.h */,
				15B8BBFB2B5715D600F04371 /* ViewController.m */,
				15B8BBFD2B5715D600F04371 /* Main.storyboard */,
				15B8BC002B5715D700F04371 /* Assets.xcassets */,
				15B8BC022B5715D700F04371 /* LaunchScreen.storyboard */,
				15B8BC052B5715D700F04371 /* Info.plist */,
				15B8BC062B5715D700F04371 /* main.m */,
				153A7D082B5842AB001334F8 /* CSDocumentoscopyBridget.swift */,
				153A7D072B5842AB001334F8 /* DocumentoscopySampleiOSObjcC-Bridging-Header.h */,
			);
			path = DocumentoscopySampleiOSObjcC;
			sourceTree = "<group>";
		};
		928E74F4361455322AD82F36 /* Pods */ = {
			isa = PBXGroup;
			children = (
				8DA87C0D15DA8AE90749D4DA /* Pods-DocumentoscopySampleiOSObjcC.debug.xcconfig */,
				E2B9CEDFF6573EED4E84A239 /* Pods-DocumentoscopySampleiOSObjcC.release.xcconfig */,
			);
			path = Pods;
			sourceTree = "<group>";
		};
		F0B5238DBAAD466254500D9D /* Frameworks */ = {
			isa = PBXGroup;
			children = (
				15B8BC0D2B5800B400F04371 /* CSDocumentoscopySDK.framework */,
				7D0D7B8A2784492880725EEE /* Pods_DocumentoscopySampleiOSObjcC.framework */,
			);
			name = Frameworks;
			sourceTree = "<group>";
		};
/* End PBXGroup section */

/* Begin PBXNativeTarget section */
		15B8BBF02B5715D600F04371 /* DocumentoscopySampleiOSObjcC */ = {
			isa = PBXNativeTarget;
			buildConfigurationList = 15B8BC0A2B5715D700F04371 /* Build configuration list for PBXNativeTarget "DocumentoscopySampleiOSObjcC" */;
			buildPhases = (
				C287DAEBA9386DF406025854 /* [CP] Check Pods Manifest.lock */,
				15B8BBED2B5715D600F04371 /* Sources */,
				15B8BBEE2B5715D600F04371 /* Frameworks */,
				15B8BBEF2B5715D600F04371 /* Resources */,
				15B8BC102B5800B400F04371 /* Embed Frameworks */,
				F369B335E80C1F8405AAE9B6 /* [CP] Embed Pods Frameworks */,
			);
			buildRules = (
			);
			dependencies = (
			);
			name = DocumentoscopySampleiOSObjcC;
			productName = DocumentoscopySampleiOSObjcC;
			productReference = 15B8BBF12B5715D600F04371 /* DocumentoscopySampleiOSObjcC.app */;
			productType = "com.apple.product-type.application";
		};
/* End PBXNativeTarget section */

/* Begin PBXProject section */
		15B8BBE92B5715D600F04371 /* Project object */ = {
			isa = PBXProject;
			attributes = {
				BuildIndependentTargetsInParallel = 1;
				LastUpgradeCheck = 1520;
				TargetAttributes = {
					15B8BBF02B5715D600F04371 = {
						CreatedOnToolsVersion = 15.2;
						LastSwiftMigration = 1520;
					};
				};
			};
			buildConfigurationList = 15B8BBEC2B5715D600F04371 /* Build configuration list for PBXProject "DocumentoscopySampleiOSObjcC" */;
			compatibilityVersion = "Xcode 12.0";
			developmentRegion = en;
			hasScannedForEncodings = 0;
			knownRegions = (
				en,
				Base,
			);
			mainGroup = 15B8BBE82B5715D600F04371;
			productRefGroup = 15B8BBF22B5715D600F04371 /* Products */;
			projectDirPath = "";
			projectRoot = "";
			targets = (
				15B8BBF02B5715D600F04371 /* DocumentoscopySampleiOSObjcC */,
			);
		};
/* End PBXProject section */

/* Begin PBXResourcesBuildPhase section */
		15B8BBEF2B5715D600F04371 /* Resources */ = {
			isa = PBXResourcesBuildPhase;
			buildActionMask = 2147483647;
			files = (
				15B8BC042B5715D700F04371 /* LaunchScreen.storyboard in Resources */,
				15B8BC012B5715D700F04371 /* Assets.xcassets in Resources */,
				15B8BBFF2B5715D600F04371 /* Main.storyboard in Resources */,
			);
			runOnlyForDeploymentPostprocessing = 0;
		};
/* End PBXResourcesBuildPhase section */

/* Begin PBXShellScriptBuildPhase section */
		C287DAEBA9386DF406025854 /* [CP] Check Pods Manifest.lock */ = {
			isa = PBXShellScriptBuildPhase;
			buildActionMask = 2147483647;
			files = (
			);
			inputFileListPaths = (
			);
			inputPaths = (
				"${PODS_PODFILE_DIR_PATH}/Podfile.lock",
				"${PODS_ROOT}/Manifest.lock",
			);
			name = "[CP] Check Pods Manifest.lock";
			outputFileListPaths = (
			);
			outputPaths = (
				"$(DERIVED_FILE_DIR)/Pods-DocumentoscopySampleiOSObjcC-checkManifestLockResult.txt",
			);
			runOnlyForDeploymentPostprocessing = 0;
			shellPath = /bin/sh;
			shellScript = "diff \"${PODS_PODFILE_DIR_PATH}/Podfile.lock\" \"${PODS_ROOT}/Manifest.lock\" > /dev/null\nif [ $? != 0 ] ; then\n    # print error to STDERR\n    echo \"error: The sandbox is not in sync with the Podfile.lock. Run 'pod install' or update your CocoaPods installation.\" >&2\n    exit 1\nfi\n# This output is used by Xcode 'outputs' to avoid re-running this script phase.\necho \"SUCCESS\" > \"${SCRIPT_OUTPUT_FILE_0}\"\n";
			showEnvVarsInLog = 0;
		};
		F369B335E80C1F8405AAE9B6 /* [CP] Embed Pods Frameworks */ = {
			isa = PBXShellScriptBuildPhase;
			buildActionMask = 2147483647;
			files = (
			);
			inputFileListPaths = (
				"${PODS_ROOT}/Target Support Files/Pods-DocumentoscopySampleiOSObjcC/Pods-DocumentoscopySampleiOSObjcC-frameworks-${CONFIGURATION}-input-files.xcfilelist",
			);
			name = "[CP] Embed Pods Frameworks";
			outputFileListPaths = (
				"${PODS_ROOT}/Target Support Files/Pods-DocumentoscopySampleiOSObjcC/Pods-DocumentoscopySampleiOSObjcC-frameworks-${CONFIGURATION}-output-files.xcfilelist",
			);
			runOnlyForDeploymentPostprocessing = 0;
			shellPath = /bin/sh;
			shellScript = "\"${PODS_ROOT}/Target Support Files/Pods-DocumentoscopySampleiOSObjcC/Pods-DocumentoscopySampleiOSObjcC-frameworks.sh\"\n";
			showEnvVarsInLog = 0;
		};
/* End PBXShellScriptBuildPhase section */

/* Begin PBXSourcesBuildPhase section */
		15B8BBED2B5715D600F04371 /* Sources */ = {
			isa = PBXSourcesBuildPhase;
			buildActionMask = 2147483647;
			files = (
				15B8BBFC2B5715D600F04371 /* ViewController.m in Sources */,
				15B8BBF62B5715D600F04371 /* AppDelegate.m in Sources */,
				15B8BC072B5715D700F04371 /* main.m in Sources */,
				15B8BBF92B5715D600F04371 /* SceneDelegate.m in Sources */,
				153A7D092B5842AB001334F8 /* CSDocumentoscopyBridget.swift in Sources */,
			);
			runOnlyForDeploymentPostprocessing = 0;
		};
/* End PBXSourcesBuildPhase section */

/* Begin PBXVariantGroup section */
		15B8BBFD2B5715D600F04371 /* Main.storyboard */ = {
			isa = PBXVariantGroup;
			children = (
				15B8BBFE2B5715D600F04371 /* Base */,
			);
			name = Main.storyboard;
			sourceTree = "<group>";
		};
		15B8BC022B5715D700F04371 /* LaunchScreen.storyboard */ = {
			isa = PBXVariantGroup;
			children = (
				15B8BC032B5715D700F04371 /* Base */,
			);
			name = LaunchScreen.storyboard;
			sourceTree = "<group>";
		};
/* End PBXVariantGroup section */

/* Begin XCBuildConfiguration section */
		15B8BC082B5715D700F04371 /* Debug */ = {
			isa = XCBuildConfiguration;
			buildSettings = {
				ALWAYS_SEARCH_USER_PATHS = NO;
				ASSETCATALOG_COMPILER_GENERATE_SWIFT_ASSET_SYMBOL_EXTENSIONS = YES;
				CLANG_ANALYZER_NONNULL = YES;
				CLANG_ANALYZER_NUMBER_OBJECT_CONVERSION = YES_AGGRESSIVE;
				CLANG_CXX_LANGUAGE_STANDARD = "gnu++20";
				CLANG_ENABLE_MODULES = YES;
				CLANG_ENABLE_OBJC_ARC = YES;
				CLANG_ENABLE_OBJC_WEAK = YES;
				CLANG_WARN_BLOCK_CAPTURE_AUTORELEASING = YES;
				CLANG_WARN_BOOL_CONVERSION = YES;
				CLANG_WARN_COMMA = YES;
				CLANG_WARN_CONSTANT_CONVERSION = YES;
				CLANG_WARN_DEPRECATED_OBJC_IMPLEMENTATIONS = YES;
				CLANG_WARN_DIRECT_OBJC_ISA_USAGE = YES_ERROR;
				CLANG_WARN_DOCUMENTATION_COMMENTS = YES;
				CLANG_WARN_EMPTY_BODY = YES;
				CLANG_WARN_ENUM_CONVERSION = YES;
				CLANG_WARN_INFINITE_RECURSION = YES;
				CLANG_WARN_INT_CONVERSION = YES;
				CLANG_WARN_NON_LITERAL_NULL_CONVERSION = YES;
				CLANG_WARN_OBJC_IMPLICIT_RETAIN_SELF = YES;
				CLANG_WARN_OBJC_LITERAL_CONVERSION = YES;
				CLANG_WARN_OBJC_ROOT_CLASS = YES_ERROR;
				CLANG_WARN_QUOTED_INCLUDE_IN_FRAMEWORK_HEADER = YES;
				CLANG_WARN_RANGE_LOOP_ANALYSIS = YES;
				CLANG_WARN_STRICT_PROTOTYPES = YES;
				CLANG_WARN_SUSPICIOUS_MOVE = YES;
				CLANG_WARN_UNGUARDED_AVAILABILITY = YES_AGGRESSIVE;
				CLANG_WARN_UNREACHABLE_CODE = YES;
				CLANG_WARN__DUPLICATE_METHOD_MATCH = YES;
				COPY_PHASE_STRIP = NO;
				DEBUG_INFORMATION_FORMAT = dwarf;
				ENABLE_STRICT_OBJC_MSGSEND = YES;
				ENABLE_TESTABILITY = YES;
				ENABLE_USER_SCRIPT_SANDBOXING = YES;
				GCC_C_LANGUAGE_STANDARD = gnu17;
				GCC_DYNAMIC_NO_PIC = NO;
				GCC_NO_COMMON_BLOCKS = YES;
				GCC_OPTIMIZATION_LEVEL = 0;
				GCC_PREPROCESSOR_DEFINITIONS = (
					"DEBUG=1",
					"$(inherited)",
				);
				GCC_WARN_64_TO_32_BIT_CONVERSION = YES;
				GCC_WARN_ABOUT_RETURN_TYPE = YES_ERROR;
				GCC_WARN_UNDECLARED_SELECTOR = YES;
				GCC_WARN_UNINITIALIZED_AUTOS = YES_AGGRESSIVE;
				GCC_WARN_UNUSED_FUNCTION = YES;
				GCC_WARN_UNUSED_VARIABLE = YES;
				IPHONEOS_DEPLOYMENT_TARGET = 17.2;
				LOCALIZATION_PREFERS_STRING_CATALOGS = YES;
				MTL_ENABLE_DEBUG_INFO = INCLUDE_SOURCE;
				MTL_FAST_MATH = YES;
				ONLY_ACTIVE_ARCH = YES;
				SDKROOT = iphoneos;
			};
			name = Debug;
		};
		15B8BC092B5715D700F04371 /* Release */ = {
			isa = XCBuildConfiguration;
			buildSettings = {
				ALWAYS_SEARCH_USER_PATHS = NO;
				ASSETCATALOG_COMPILER_GENERATE_SWIFT_ASSET_SYMBOL_EXTENSIONS = YES;
				CLANG_ANALYZER_NONNULL = YES;
				CLANG_ANALYZER_NUMBER_OBJECT_CONVERSION = YES_AGGRESSIVE;
				CLANG_CXX_LANGUAGE_STANDARD = "gnu++20";
				CLANG_ENABLE_MODULES = YES;
				CLANG_ENABLE_OBJC_ARC = YES;
				CLANG_ENABLE_OBJC_WEAK = YES;
				CLANG_WARN_BLOCK_CAPTURE_AUTORELEASING = YES;
				CLANG_WARN_BOOL_CONVERSION = YES;
				CLANG_WARN_COMMA = YES;
				CLANG_WARN_CONSTANT_CONVERSION = YES;
				CLANG_WARN_DEPRECATED_OBJC_IMPLEMENTATIONS = YES;
				CLANG_WARN_DIRECT_OBJC_ISA_USAGE = YES_ERROR;
				CLANG_WARN_DOCUMENTATION_COMMENTS = YES;
				CLANG_WARN_EMPTY_BODY = YES;
				CLANG_WARN_ENUM_CONVERSION = YES;
				CLANG_WARN_INFINITE_RECURSION = YES;
				CLANG_WARN_INT_CONVERSION = YES;
				CLANG_WARN_NON_LITERAL_NULL_CONVERSION = YES;
				CLANG_WARN_OBJC_IMPLICIT_RETAIN_SELF = YES;
				CLANG_WARN_OBJC_LITERAL_CONVERSION = YES;
				CLANG_WARN_OBJC_ROOT_CLASS = YES_ERROR;
				CLANG_WARN_QUOTED_INCLUDE_IN_FRAMEWORK_HEADER = YES;
				CLANG_WARN_RANGE_LOOP_ANALYSIS = YES;
				CLANG_WARN_STRICT_PROTOTYPES = YES;
				CLANG_WARN_SUSPICIOUS_MOVE = YES;
				CLANG_WARN_UNGUARDED_AVAILABILITY = YES_AGGRESSIVE;
				CLANG_WARN_UNREACHABLE_CODE = YES;
				CLANG_WARN__DUPLICATE_METHOD_MATCH = YES;
				COPY_PHASE_STRIP = NO;
				DEBUG_INFORMATION_FORMAT = "dwarf-with-dsym";
				ENABLE_NS_ASSERTIONS = NO;
				ENABLE_STRICT_OBJC_MSGSEND = YES;
				ENABLE_USER_SCRIPT_SANDBOXING = YES;
				GCC_C_LANGUAGE_STANDARD = gnu17;
				GCC_NO_COMMON_BLOCKS = YES;
				GCC_WARN_64_TO_32_BIT_CONVERSION = YES;
				GCC_WARN_ABOUT_RETURN_TYPE = YES_ERROR;
				GCC_WARN_UNDECLARED_SELECTOR = YES;
				GCC_WARN_UNINITIALIZED_AUTOS = YES_AGGRESSIVE;
				GCC_WARN_UNUSED_FUNCTION = YES;
				GCC_WARN_UNUSED_VARIABLE = YES;
				IPHONEOS_DEPLOYMENT_TARGET = 17.2;
				LOCALIZATION_PREFERS_STRING_CATALOGS = YES;
				MTL_ENABLE_DEBUG_INFO = NO;
				MTL_FAST_MATH = YES;
				SDKROOT = iphoneos;
				VALIDATE_PRODUCT = YES;
			};
			name = Release;
		};
		15B8BC0B2B5715D700F04371 /* Debug */ = {
			isa = XCBuildConfiguration;
			baseConfigurationReference = 8DA87C0D15DA8AE90749D4DA /* Pods-DocumentoscopySampleiOSObjcC.debug.xcconfig */;
			buildSettings = {
				ASSETCATALOG_COMPILER_APPICON_NAME = AppIcon;
				ASSETCATALOG_COMPILER_GLOBAL_ACCENT_COLOR_NAME = AccentColor;
				CLANG_ENABLE_MODULES = YES;
				CODE_SIGN_STYLE = Automatic;
				CURRENT_PROJECT_VERSION = 1;
				DEVELOPMENT_TEAM = YQJQDZWXEL;
				ENABLE_USER_SCRIPT_SANDBOXING = NO;
				FRAMEWORK_SEARCH_PATHS = (
					"$(inherited)",
					"\"${PODS_CONFIGURATION_BUILD_DIR}/Amplitude\"",
					"\"${PODS_CONFIGURATION_BUILD_DIR}/AnalyticsConnector\"",
					"\"${PODS_CONFIGURATION_BUILD_DIR}/Sentry\"",
					"\"${PODS_CONFIGURATION_BUILD_DIR}/SentryPrivate\"",
				);
				GENERATE_INFOPLIST_FILE = YES;
				HEADER_SEARCH_PATHS = (
					"$(inherited)",
					"\"${PODS_CONFIGURATION_BUILD_DIR}/Amplitude/Amplitude.framework/Headers\"",
					"\"${PODS_CONFIGURATION_BUILD_DIR}/AnalyticsConnector/AnalyticsConnector.framework/Headers\"",
					"\"${PODS_CONFIGURATION_BUILD_DIR}/Sentry/Sentry.framework/Headers\"",
					"\"${PODS_CONFIGURATION_BUILD_DIR}/SentryPrivate/SentryPrivate.framework/Headers\"",
				);
				INFOPLIST_FILE = DocumentoscopySampleiOSObjcC/Info.plist;
				INFOPLIST_KEY_NSCameraUsageDescription = "Realizar a captura das fotos dos documentos";
				INFOPLIST_KEY_UIApplicationSupportsIndirectInputEvents = YES;
				INFOPLIST_KEY_UILaunchStoryboardName = LaunchScreen;
				INFOPLIST_KEY_UIMainStoryboardFile = Main;
				INFOPLIST_KEY_UIRequiresFullScreen = YES;
				INFOPLIST_KEY_UISupportedInterfaceOrientations = UIInterfaceOrientationPortrait;
				INFOPLIST_KEY_UISupportedInterfaceOrientations_iPad = "";
				INFOPLIST_KEY_UISupportedInterfaceOrientations_iPhone = "";
				IPHONEOS_DEPLOYMENT_TARGET = 14.0;
				LD_RUNPATH_SEARCH_PATHS = (
					"$(inherited)",
					"@executable_path/Frameworks",
				);
				LIBRARY_SEARCH_PATHS = (
					"$(inherited)",
					"$(SDKROOT)/usr/lib/swift",
				);
				LOCALIZATION_PREFERS_STRING_CATALOGS = NO;
				MARKETING_VERSION = 1.0;
				OTHER_LDFLAGS = (
					"$(inherited)",
					"-l\"sqlite3.0\"",
					"-l\"swiftCoreGraphics\"",
					"-framework",
					"\"Amplitude\"",
					"-framework",
					"\"AnalyticsConnector\"",
					"-framework",
					"\"CoreGraphics\"",
					"-framework",
					"\"Foundation\"",
					"-framework",
					"\"QuartzCore\"",
					"-framework",
					"\"Sentry\"",
					"-framework",
					"\"SentryPrivate\"",
					"-framework",
					"\"UIKit\"",
				);
				PRODUCT_BUNDLE_IDENTIFIER = br.com.docs.DocumentoscopySampleiOSObjcC.DocumentoscopySampleiOSObjcC;
				PRODUCT_NAME = "$(TARGET_NAME)";
				REEXPORTED_LIBRARY_PATHS = "";
				SWIFT_EMIT_LOC_STRINGS = YES;
				SWIFT_OBJC_BRIDGING_HEADER = "DocumentoscopySampleiOSObjcC/DocumentoscopySampleiOSObjcC-Bridging-Header.h";
				SWIFT_OPTIMIZATION_LEVEL = "-Onone";
				SWIFT_VERSION = 5.0;
				TARGETED_DEVICE_FAMILY = "1,2";
			};
			name = Debug;
		};
		15B8BC0C2B5715D700F04371 /* Release */ = {
			isa = XCBuildConfiguration;
			baseConfigurationReference = E2B9CEDFF6573EED4E84A239 /* Pods-DocumentoscopySampleiOSObjcC.release.xcconfig */;
			buildSettings = {
				ASSETCATALOG_COMPILER_APPICON_NAME = AppIcon;
				ASSETCATALOG_COMPILER_GLOBAL_ACCENT_COLOR_NAME = AccentColor;
				CLANG_ENABLE_MODULES = YES;
				CODE_SIGN_STYLE = Automatic;
				CURRENT_PROJECT_VERSION = 1;
				DEVELOPMENT_TEAM = YQJQDZWXEL;
				ENABLE_USER_SCRIPT_SANDBOXING = NO;
				FRAMEWORK_SEARCH_PATHS = (
					"$(inherited)",
					"\"${PODS_CONFIGURATION_BUILD_DIR}/Amplitude\"",
					"\"${PODS_CONFIGURATION_BUILD_DIR}/AnalyticsConnector\"",
					"\"${PODS_CONFIGURATION_BUILD_DIR}/Sentry\"",
					"\"${PODS_CONFIGURATION_BUILD_DIR}/SentryPrivate\"",
				);
				GENERATE_INFOPLIST_FILE = YES;
				HEADER_SEARCH_PATHS = (
					"$(inherited)",
					"\"${PODS_CONFIGURATION_BUILD_DIR}/Amplitude/Amplitude.framework/Headers\"",
					"\"${PODS_CONFIGURATION_BUILD_DIR}/AnalyticsConnector/AnalyticsConnector.framework/Headers\"",
					"\"${PODS_CONFIGURATION_BUILD_DIR}/Sentry/Sentry.framework/Headers\"",
					"\"${PODS_CONFIGURATION_BUILD_DIR}/SentryPrivate/SentryPrivate.framework/Headers\"",
				);
				INFOPLIST_FILE = DocumentoscopySampleiOSObjcC/Info.plist;
				INFOPLIST_KEY_NSCameraUsageDescription = "Realizar a captura das fotos dos documentos";
				INFOPLIST_KEY_UIApplicationSupportsIndirectInputEvents = YES;
				INFOPLIST_KEY_UILaunchStoryboardName = LaunchScreen;
				INFOPLIST_KEY_UIMainStoryboardFile = Main;
				INFOPLIST_KEY_UIRequiresFullScreen = YES;
				INFOPLIST_KEY_UISupportedInterfaceOrientations = UIInterfaceOrientationPortrait;
				INFOPLIST_KEY_UISupportedInterfaceOrientations_iPad = "";
				INFOPLIST_KEY_UISupportedInterfaceOrientations_iPhone = "";
				IPHONEOS_DEPLOYMENT_TARGET = 14.0;
				LD_RUNPATH_SEARCH_PATHS = (
					"$(inherited)",
					"@executable_path/Frameworks",
				);
				LIBRARY_SEARCH_PATHS = (
					"$(inherited)",
					"$(SDKROOT)/usr/lib/swift",
				);
				LOCALIZATION_PREFERS_STRING_CATALOGS = NO;
				MARKETING_VERSION = 1.0;
				OTHER_LDFLAGS = (
					"$(inherited)",
					"-l\"sqlite3.0\"",
					"-l\"swiftCoreGraphics\"",
					"-framework",
					"\"Amplitude\"",
					"-framework",
					"\"AnalyticsConnector\"",
					"-framework",
					"\"CoreGraphics\"",
					"-framework",
					"\"Foundation\"",
					"-framework",
					"\"QuartzCore\"",
					"-framework",
					"\"Sentry\"",
					"-framework",
					"\"SentryPrivate\"",
					"-framework",
					"\"UIKit\"",
				);
				PRODUCT_BUNDLE_IDENTIFIER = br.com.docs.DocumentoscopySampleiOSObjcC.DocumentoscopySampleiOSObjcC;
				PRODUCT_NAME = "$(TARGET_NAME)";
				REEXPORTED_LIBRARY_PATHS = "";
				SWIFT_EMIT_LOC_STRINGS = YES;
				SWIFT_OBJC_BRIDGING_HEADER = "DocumentoscopySampleiOSObjcC/DocumentoscopySampleiOSObjcC-Bridging-Header.h";
				SWIFT_VERSION = 5.0;
				TARGETED_DEVICE_FAMILY = "1,2";
			};
			name = Release;
		};
/* End XCBuildConfiguration section */

/* Begin XCConfigurationList section */
		15B8BBEC2B5715D600F04371 /* Build configuration list for PBXProject "DocumentoscopySampleiOSObjcC" */ = {
			isa = XCConfigurationList;
			buildConfigurations = (
				15B8BC082B5715D700F04371 /* Debug */,
				15B8BC092B5715D700F04371 /* Release */,
			);
			defaultConfigurationIsVisible = 0;
			defaultConfigurationName = Release;
		};
		15B8BC0A2B5715D700F04371 /* Build configuration list for PBXNativeTarget "DocumentoscopySampleiOSObjcC" */ = {
			isa = XCConfigurationList;
			buildConfigurations = (
				15B8BC0B2B5715D700F04371 /* Debug */,
				15B8BC0C2B5715D700F04371 /* Release */,
			);
			defaultConfigurationIsVisible = 0;
			defaultConfigurationName = Release;
		};
/* End XCConfigurationList section */
	};
	rootObject = 15B8BBE92B5715D600F04371 /* Project object */;
}
